# This file is generated by running "yarn install" inside your project.
# Manual changes might be lost - proceed with caution!

__metadata:
  version: 6
  cacheKey: 8

"@babel/runtime@npm:^7.9.2":
  version: 7.18.6
  resolution: "@babel/runtime@npm:7.18.6"
  dependencies:
    regenerator-runtime: ^0.13.4
  checksum: 8b707b64ae0524db617d0c49933b258b96376a38307dc0be8fb42db5697608bcc1eba459acce541e376cff5ed5c5287d24db5780bd776b7c75ba2c2e26ff8a2c
  languageName: node
  linkType: hard

"@jest/schemas@npm:^28.1.3":
  version: 28.1.3
  resolution: "@jest/schemas@npm:28.1.3"
  dependencies:
    "@sinclair/typebox": ^0.24.1
  checksum: 3cf1d4b66c9c4ffda58b246de1ddcba8e6ad085af63dccdf07922511f13b68c0cc480a7bc620cb4f3099a6f134801c747e1df7bfc7a4ef4dceefbdea3e31e1de
  languageName: node
  linkType: hard

"@sinclair/typebox@npm:^0.24.1":
  version: 0.24.19
  resolution: "@sinclair/typebox@npm:0.24.19"
  checksum: dff2a3ebe9accc83e95fe3152f94de6ba5e4aba6833fba5436c334ba7e377b992f86228fd6f285cd6890d6419245dc89e06e17b74228289308c46224ab7ebd68
  languageName: node
  linkType: hard

"@testing-library/jest-dom@npm:^5.16.4":
  version: 5.16.4
  resolution: "@testing-library/jest-dom@npm:5.16.4"
  dependencies:
    "@babel/runtime": ^7.9.2
    "@types/testing-library__jest-dom": ^5.9.1
    aria-query: ^5.0.0
    chalk: ^3.0.0
    css: ^3.0.0
    css.escape: ^1.5.1
    dom-accessibility-api: ^0.5.6
    lodash: ^4.17.15
    redent: ^3.0.0
  checksum: 4240501223b72b97a44d4e3c669f39b208c49fb645d11d08d5f178d607265c5dfad07efbe027f41a0e2458178ff1fd5bf437fc05661b9109dcd013b95a37079e
  languageName: node
  linkType: hard

"@types/jest@npm:*":
  version: 28.1.5
  resolution: "@types/jest@npm:28.1.5"
  dependencies:
    jest-matcher-utils: ^28.0.0
    pretty-format: ^28.0.0
  checksum: 994bfc25a5e767ec1506a2a7d94e60a7a5645b2e4e8444c56ae902f3a3e27ae54e821e41c1b4e7c8d7f5022bf5abfdd0460ead223ba6f2d0a194e5b2bed1ad76
  languageName: node
  linkType: hard

"@types/testing-library__jest-dom@npm:^5, @types/testing-library__jest-dom@npm:^5.9.1":
  version: 5.14.5
  resolution: "@types/testing-library__jest-dom@npm:5.14.5"
  dependencies:
    "@types/jest": "*"
  checksum: dcb05416758fe88c1f4f3aa97b4699fcb46a5ed8f53c6b81721e66155452a48caf12ecb97dfdfd4130678e65efd66b9fca0ac434b3d63affec84842a84a6bf38
  languageName: node
  linkType: hard

"ansi-regex@npm:^5.0.1":
  version: 5.0.1
  resolution: "ansi-regex@npm:5.0.1"
  checksum: 2aa4bb54caf2d622f1afdad09441695af2a83aa3fe8b8afa581d205e57ed4261c183c4d3877cee25794443fde5876417d859c108078ab788d6af7e4fe52eb66b
  languageName: node
  linkType: hard

"ansi-styles@npm:^4.1.0":
  version: 4.3.0
  resolution: "ansi-styles@npm:4.3.0"
  dependencies:
    color-convert: ^2.0.1
  checksum: 513b44c3b2105dd14cc42a19271e80f386466c4be574bccf60b627432f9198571ebf4ab1e4c3ba17347658f4ee1711c163d574248c0c1cdc2d5917a0ad582ec4
  languageName: node
  linkType: hard

"ansi-styles@npm:^5.0.0":
  version: 5.2.0
  resolution: "ansi-styles@npm:5.2.0"
  checksum: d7f4e97ce0623aea6bc0d90dcd28881ee04cba06c570b97fd3391bd7a268eedfd9d5e2dd4fdcbdd82b8105df5faf6f24aaedc08eaf3da898e702db5948f63469
  languageName: node
  linkType: hard

"aria-query@npm:^5.0.0":
  version: 5.0.0
  resolution: "aria-query@npm:5.0.0"
  checksum: c41f98866c5a304561ee8cae55856711cddad6f3f85d8cb43cc5f79667078d9b8979ce32d244c1ff364e6463a4d0b6865804a33ccc717fed701b281cf7dc6296
  languageName: node
  linkType: hard

"atob@npm:^2.1.2":
  version: 2.1.2
  resolution: "atob@npm:2.1.2"
  bin:
    atob: bin/atob.js
  checksum: dfeeeb70090c5ebea7be4b9f787f866686c645d9f39a0d184c817252d0cf08455ed25267d79c03254d3be1f03ac399992a792edcd5ffb9c91e097ab5ef42833a
  languageName: node
  linkType: hard

"chalk@npm:^3.0.0":
  version: 3.0.0
  resolution: "chalk@npm:3.0.0"
  dependencies:
    ansi-styles: ^4.1.0
    supports-color: ^7.1.0
  checksum: 8e3ddf3981c4da405ddbd7d9c8d91944ddf6e33d6837756979f7840a29272a69a5189ecae0ff84006750d6d1e92368d413335eab4db5476db6e6703a1d1e0505
  languageName: node
  linkType: hard

"chalk@npm:^4.0.0":
  version: 4.1.2
  resolution: "chalk@npm:4.1.2"
  dependencies:
    ansi-styles: ^4.1.0
    supports-color: ^7.1.0
  checksum: fe75c9d5c76a7a98d45495b91b2172fa3b7a09e0cc9370e5c8feb1c567b85c4288e2b3fded7cfdd7359ac28d6b3844feb8b82b8686842e93d23c827c417e83fc
  languageName: node
  linkType: hard

"color-convert@npm:^2.0.1":
  version: 2.0.1
  resolution: "color-convert@npm:2.0.1"
  dependencies:
    color-name: ~1.1.4
  checksum: 79e6bdb9fd479a205c71d89574fccfb22bd9053bd98c6c4d870d65c132e5e904e6034978e55b43d69fcaa7433af2016ee203ce76eeba9cfa554b373e7f7db336
  languageName: node
  linkType: hard

"color-name@npm:~1.1.4":
  version: 1.1.4
  resolution: "color-name@npm:1.1.4"
  checksum: b0445859521eb4021cd0fb0cc1a75cecf67fceecae89b63f62b201cca8d345baf8b952c966862a9d9a2632987d4f6581f0ec8d957dfacece86f0a7919316f610
  languageName: node
  linkType: hard

"css.escape@npm:^1.5.1":
  version: 1.5.1
  resolution: "css.escape@npm:1.5.1"
  checksum: f6d38088d870a961794a2580b2b2af1027731bb43261cfdce14f19238a88664b351cc8978abc20f06cc6bbde725699dec8deb6fe9816b139fc3f2af28719e774
  languageName: node
  linkType: hard

"css@npm:^3.0.0":
  version: 3.0.0
  resolution: "css@npm:3.0.0"
  dependencies:
    inherits: ^2.0.4
    source-map: ^0.6.1
    source-map-resolve: ^0.6.0
  checksum: 4273ac816ddf99b99acb9c1d1a27d86d266a533cc01118369d941d8e8a78277a83cad3315e267a398c509d930fbb86504e193ea1ebc620a4a4212e06fe76e8be
  languageName: node
  linkType: hard

"decode-uri-component@npm:^0.2.0":
  version: 0.2.0
  resolution: "decode-uri-component@npm:0.2.0"
  checksum: f3749344ab9305ffcfe4bfe300e2dbb61fc6359e2b736812100a3b1b6db0a5668cba31a05e4b45d4d63dbf1a18dfa354cd3ca5bb3ededddabb8cd293f4404f94
  languageName: node
  linkType: hard

"diff-sequences@npm:^28.1.1":
  version: 28.1.1
  resolution: "diff-sequences@npm:28.1.1"
  checksum: e2529036505567c7ca5a2dea86b6bcd1ca0e3ae63bf8ebf529b8a99cfa915bbf194b7021dc1c57361a4017a6d95578d4ceb29fabc3232a4f4cb866a2726c7690
  languageName: node
  linkType: hard

"dom-accessibility-api@npm:^0.5.6":
  version: 0.5.14
  resolution: "dom-accessibility-api@npm:0.5.14"
  checksum: 782c813f75a09ba6735ef03b5e1624406a3829444ae49d5bdedd272a49d437ae3354f53e02ffc8c9fd9165880250f41546538f27461f839dd4ea1234e77e8d5e
  languageName: node
  linkType: hard

"gdsc-dju-frontend@workspace:.":
  version: 0.0.0-use.local
  resolution: "gdsc-dju-frontend@workspace:."
  dependencies:
    "@testing-library/jest-dom": ^5.16.4
    "@types/testing-library__jest-dom": ^5
  languageName: unknown
  linkType: soft

"has-flag@npm:^4.0.0":
  version: 4.0.0
  resolution: "has-flag@npm:4.0.0"
  checksum: 261a1357037ead75e338156b1f9452c016a37dcd3283a972a30d9e4a87441ba372c8b81f818cd0fbcd9c0354b4ae7e18b9e1afa1971164aef6d18c2b6095a8ad
  languageName: node
  linkType: hard

"indent-string@npm:^4.0.0":
  version: 4.0.0
  resolution: "indent-string@npm:4.0.0"
  checksum: 824cfb9929d031dabf059bebfe08cf3137365e112019086ed3dcff6a0a7b698cb80cf67ccccde0e25b9e2d7527aa6cc1fed1ac490c752162496caba3e6699612
  languageName: node
  linkType: hard

"inherits@npm:^2.0.4":
  version: 2.0.4
  resolution: "inherits@npm:2.0.4"
  checksum: 4a48a733847879d6cf6691860a6b1e3f0f4754176e4d71494c41f3475553768b10f84b5ce1d40fbd0e34e6bfbb864ee35858ad4dd2cf31e02fc4a154b724d7f1
  languageName: node
  linkType: hard

"jest-diff@npm:^28.1.3":
  version: 28.1.3
  resolution: "jest-diff@npm:28.1.3"
  dependencies:
    chalk: ^4.0.0
    diff-sequences: ^28.1.1
    jest-get-type: ^28.0.2
    pretty-format: ^28.1.3
  checksum: fa8583e0ccbe775714ce850b009be1b0f6b17a4b6759f33ff47adef27942ebc610dbbcc8a5f7cfb7f12b3b3b05afc9fb41d5f766674616025032ff1e4f9866e0
  languageName: node
  linkType: hard

"jest-get-type@npm:^28.0.2":
  version: 28.0.2
  resolution: "jest-get-type@npm:28.0.2"
  checksum: 5281d7c89bc8156605f6d15784f45074f4548501195c26e9b188742768f72d40948252d13230ea905b5349038865a1a8eeff0e614cc530ff289dfc41fe843abd
  languageName: node
  linkType: hard

"jest-matcher-utils@npm:^28.0.0":
  version: 28.1.3
  resolution: "jest-matcher-utils@npm:28.1.3"
  dependencies:
    chalk: ^4.0.0
    jest-diff: ^28.1.3
    jest-get-type: ^28.0.2
    pretty-format: ^28.1.3
  checksum: 6b34f0cf66f6781e92e3bec97bf27796bd2ba31121e5c5997218d9adba6deea38a30df5203937d6785b68023ed95cbad73663cc9aad6fb0cb59aeb5813a58daf
  languageName: node
  linkType: hard

"lodash@npm:^4.17.15":
  version: 4.17.21
  resolution: "lodash@npm:4.17.21"
  checksum: eb835a2e51d381e561e508ce932ea50a8e5a68f4ebdd771ea240d3048244a8d13658acbd502cd4829768c56f2e16bdd4340b9ea141297d472517b83868e677f7
  languageName: node
  linkType: hard

"min-indent@npm:^1.0.0":
  version: 1.0.1
  resolution: "min-indent@npm:1.0.1"
  checksum: bfc6dd03c5eaf623a4963ebd94d087f6f4bbbfd8c41329a7f09706b0cb66969c4ddd336abeb587bc44bc6f08e13bf90f0b374f9d71f9f01e04adc2cd6f083ef1
  languageName: node
  linkType: hard

"pretty-format@npm:^28.0.0, pretty-format@npm:^28.1.3":
  version: 28.1.3
  resolution: "pretty-format@npm:28.1.3"
  dependencies:
    "@jest/schemas": ^28.1.3
    ansi-regex: ^5.0.1
    ansi-styles: ^5.0.0
    react-is: ^18.0.0
  checksum: e69f857358a3e03d271252d7524bec758c35e44680287f36c1cb905187fbc82da9981a6eb07edfd8a03bc3cbeebfa6f5234c13a3d5b59f2bbdf9b4c4053e0a7f
  languageName: node
  linkType: hard

"react-is@npm:^18.0.0":
  version: 18.2.0
  resolution: "react-is@npm:18.2.0"
  checksum: e72d0ba81b5922759e4aff17e0252bd29988f9642ed817f56b25a3e217e13eea8a7f2322af99a06edb779da12d5d636e9fda473d620df9a3da0df2a74141d53e
  languageName: node
  linkType: hard

"redent@npm:^3.0.0":
  version: 3.0.0
  resolution: "redent@npm:3.0.0"
  dependencies:
    indent-string: ^4.0.0
    strip-indent: ^3.0.0
  checksum: fa1ef20404a2d399235e83cc80bd55a956642e37dd197b4b612ba7327bf87fa32745aeb4a1634b2bab25467164ab4ed9c15be2c307923dd08b0fe7c52431ae6b
  languageName: node
  linkType: hard

"regenerator-runtime@npm:^0.13.4":
  version: 0.13.9
  resolution: "regenerator-runtime@npm:0.13.9"
  checksum: 65ed455fe5afd799e2897baf691ca21c2772e1a969d19bb0c4695757c2d96249eb74ee3553ea34a91062b2a676beedf630b4c1551cc6299afb937be1426ec55e
  languageName: node
  linkType: hard

"source-map-resolve@npm:^0.6.0":
  version: 0.6.0
  resolution: "source-map-resolve@npm:0.6.0"
  dependencies:
    atob: ^2.1.2
    decode-uri-component: ^0.2.0
  checksum: fe503b9e5dac1c54be835282fcfec10879434e7b3ee08a9774f230299c724a8d403484d9531276d1670c87390e0e4d1d3f92b14cca6e4a2445ea3016b786ecd4
  languageName: node
  linkType: hard

"source-map@npm:^0.6.1":
  version: 0.6.1
  resolution: "source-map@npm:0.6.1"
  checksum: 59ce8640cf3f3124f64ac289012c2b8bd377c238e316fb323ea22fbfe83da07d81e000071d7242cad7a23cd91c7de98e4df8830ec3f133cb6133a5f6e9f67bc2
  languageName: node
  linkType: hard

"strip-indent@npm:^3.0.0":
  version: 3.0.0
  resolution: "strip-indent@npm:3.0.0"
  dependencies:
    min-indent: ^1.0.0
  checksum: 18f045d57d9d0d90cd16f72b2313d6364fd2cb4bf85b9f593523ad431c8720011a4d5f08b6591c9d580f446e78855c5334a30fb91aa1560f5d9f95ed1b4a0530
  languageName: node
  linkType: hard

"supports-color@npm:^7.1.0":
  version: 7.2.0
  resolution: "supports-color@npm:7.2.0"
  dependencies:
    has-flag: ^4.0.0
  checksum: 3dda818de06ebbe5b9653e07842d9479f3555ebc77e9a0280caf5a14fb877ffee9ed57007c3b78f5a6324b8dbeec648d9e97a24e2ed9fdb81ddc69ea07100f4a
  languageName: node
  linkType: hard
